<?xml version="1.0" encoding="utf-8"?>
<Project ToolsVersion="4.0" xmlns="http://schemas.microsoft.com/developer/msbuild/2003">
  <ItemGroup>
    <Filter Include="Source Files">
      <UniqueIdentifier>{4FC737F1-C7A5-4376-A066-2A32D752A2FF}</UniqueIdentifier>
      <Extensions>cpp;c;cc;cxx;def;odl;idl;hpj;bat;asm;asmx</Extensions>
    </Filter>
    <Filter Include="Header Files">
      <UniqueIdentifier>{93995380-89BD-4b04-88EB-625FBE52EBFB}</UniqueIdentifier>
      <Extensions>h;hh;hpp;hxx;hm;inl;inc;ipp;xsd</Extensions>
    </Filter>
    <Filter Include="Resource Files">
      <UniqueIdentifier>{67DA6AB6-F800-4c08-8B7A-83BB121AAD01}</UniqueIdentifier>
      <Extensions>rc;ico;cur;bmp;dlg;rc2;rct;bin;rgs;gif;jpg;jpeg;jpe;resx;tiff;tif;png;wav;mfcribbon-ms</Extensions>
    </Filter>
    <Filter Include="Source Files\bin">
      <UniqueIdentifier>{40d4f486-4656-4bf3-9c5f-c8021ec2a8ec}</UniqueIdentifier>
    </Filter>
  </ItemGroup>
  <ItemGroup>
    <ClInclude Include="bin\ggponet.h">
      <Filter>Header Files</Filter>
    </ClInclude>
    <ClInclude Include="src\box.hpp">
      <Filter>Header Files</Filter>
    </ClInclude>
    <ClInclude Include="src\button.hpp">
      <Filter>Header Files</Filter>
    </ClInclude>
    <ClInclude Include="src\character.hpp">
      <Filter>Header Files</Filter>
    </ClInclude>
    <ClInclude Include="src\controller.hpp">
      <Filter>Header Files</Filter>
    </ClInclude>
    <ClInclude Include="src\globals.hpp">
      <Filter>Header Files</Filter>
    </ClInclude>
    <ClInclude Include="src\player.hpp">
      <Filter>Header Files</Filter>
    </ClInclude>
    <ClInclude Include="src\session.hpp">
      <Filter>Header Files</Filter>
    </ClInclude>
    <ClInclude Include="src\deps\raylib\external\ANGLE\EGL\egl.h">
      <Filter>Header Files</Filter>
    </ClInclude>
    <ClInclude Include="src\deps\raylib\external\ANGLE\EGL\eglext.h">
      <Filter>Header Files</Filter>
    </ClInclude>
    <ClInclude Include="src\deps\raylib\external\ANGLE\EGL\eglplatform.h">
      <Filter>Header Files</Filter>
    </ClInclude>
    <ClInclude Include="src\deps\raylib\external\ANGLE\GLES2\gl2.h">
      <Filter>Header Files</Filter>
    </ClInclude>
    <ClInclude Include="src\deps\raylib\external\ANGLE\GLES2\gl2ext.h">
      <Filter>Header Files</Filter>
    </ClInclude>
    <ClInclude Include="src\deps\raylib\external\ANGLE\GLES2\gl2platform.h">
      <Filter>Header Files</Filter>
    </ClInclude>
    <ClInclude Include="src\deps\raylib\external\ANGLE\GLES3\gl3.h">
      <Filter>Header Files</Filter>
    </ClInclude>
    <ClInclude Include="src\deps\raylib\external\ANGLE\GLES3\gl3ext.h">
      <Filter>Header Files</Filter>
    </ClInclude>
    <ClInclude Include="src\deps\raylib\external\ANGLE\GLES3\gl3platform.h">
      <Filter>Header Files</Filter>
    </ClInclude>
    <ClInclude Include="src\deps\raylib\external\ANGLE\KHR\khrplatform.h">
      <Filter>Header Files</Filter>
    </ClInclude>
    <ClInclude Include="src\deps\raylib\external\ANGLE\angle_windowsstore.h">
      <Filter>Header Files</Filter>
    </ClInclude>
    <ClInclude Include="src\deps\raylib\camera.h">
      <Filter>Header Files</Filter>
    </ClInclude>
    <ClInclude Include="src\deps\raylib\config.h">
      <Filter>Header Files</Filter>
    </ClInclude>
    <ClInclude Include="src\deps\raylib\easings.h">
      <Filter>Header Files</Filter>
    </ClInclude>
    <ClInclude Include="src\deps\raylib\gestures.h">
      <Filter>Header Files</Filter>
    </ClInclude>
    <ClInclude Include="src\deps\raylib\physac.h">
      <Filter>Header Files</Filter>
    </ClInclude>
    <ClInclude Include="src\deps\raylib\raudio.h">
      <Filter>Header Files</Filter>
    </ClInclude>
    <ClInclude Include="src\deps\raylib\raygui.h">
      <Filter>Header Files</Filter>
    </ClInclude>
    <ClInclude Include="src\deps\raylib\raylib.h">
      <Filter>Header Files</Filter>
    </ClInclude>
    <ClInclude Include="src\deps\raylib\raymath.h">
      <Filter>Header Files</Filter>
    </ClInclude>
    <ClInclude Include="src\deps\raylib\ricons.h">
      <Filter>Header Files</Filter>
    </ClInclude>
    <ClInclude Include="src\deps\raylib\rlgl.h">
      <Filter>Header Files</Filter>
    </ClInclude>
    <ClInclude Include="src\deps\raylib\rmem.h">
      <Filter>Header Files</Filter>
    </ClInclude>
    <ClInclude Include="src\deps\raylib\rnet.h">
      <Filter>Header Files</Filter>
    </ClInclude>
    <ClInclude Include="src\deps\raylib\utils.h">
      <Filter>Header Files</Filter>
    </ClInclude>
    <ClInclude Include="src\deps\raylib\external\glfw\include\GLFW\glfw3native.h">
      <Filter>Header Files</Filter>
    </ClInclude>
    <ClInclude Include="src\deps\raylib\external\glfw\include\GLFW\glfw3.h">
      <Filter>Header Files</Filter>
    </ClInclude>
    <ClInclude Include="src\deps\imgui\imgui_impl_glfw.h">
      <Filter>Header Files</Filter>
    </ClInclude>
    <ClInclude Include="src\deps\imgui\imgui_impl_opengl3.h">
      <Filter>Header Files</Filter>
    </ClInclude>
    <ClInclude Include="src\deps\imgui\imgui.h">
      <Filter>Header Files</Filter>
    </ClInclude>
    <ClInclude Include="src\deps\imgui\imconfig.h">
      <Filter>Header Files</Filter>
    </ClInclude>
    <ClInclude Include="src\deps\imgui\imgui_internal.h">
      <Filter>Header Files</Filter>
    </ClInclude>
    <ClInclude Include="src\deps\imgui\imstb_rectpack.h">
      <Filter>Header Files</Filter>
    </ClInclude>
    <ClInclude Include="src\deps\imgui\imstb_textedit.h">
      <Filter>Header Files</Filter>
    </ClInclude>
    <ClInclude Include="src\deps\imgui\imstb_truetype.h">
      <Filter>Header Files</Filter>
    </ClInclude>
    <ClInclude Include="src\ui\dev\main_gui.hpp">
      <Filter>Header Files</Filter>
    </ClInclude>
    <ClInclude Include="src\foosiespp.hpp">
      <Filter>Header Files</Filter>
    </ClInclude>
    <ClInclude Include="src\actions.hpp">
      <Filter>Header Files</Filter>
    </ClInclude>
    <ClInclude Include="src\entity.hpp">
      <Filter>Header Files</Filter>
    </ClInclude>
    <ClInclude Include="src\model.hpp">
      <Filter>Header Files</Filter>
    </ClInclude>
  </ItemGroup>
  <ItemGroup>
    <Library Include="bin\ggponet.lib" />
  </ItemGroup>
  <ItemGroup>
    <ClCompile Include="src\box.cpp">
      <Filter>Source Files</Filter>
    </ClCompile>
    <ClCompile Include="src\button.cpp">
      <Filter>Source Files</Filter>
    </ClCompile>
    <ClCompile Include="src\character.cpp">
      <Filter>Source Files</Filter>
    </ClCompile>
    <ClCompile Include="src\controller.cpp">
      <Filter>Source Files</Filter>
    </ClCompile>
    <ClCompile Include="src\foosiespp.cpp">
      <Filter>Source Files</Filter>
    </ClCompile>
    <ClCompile Include="src\main.cpp">
      <Filter>Source Files</Filter>
    </ClCompile>
    <ClCompile Include="src\player.cpp">
      <Filter>Source Files</Filter>
    </ClCompile>
    <ClCompile Include="src\session.cpp">
      <Filter>Source Files</Filter>
    </ClCompile>
    <ClCompile Include="src\deps\raylib\core.c">
      <Filter>Source Files</Filter>
    </ClCompile>
    <ClCompile Include="src\deps\raylib\models.c">
      <Filter>Source Files</Filter>
    </ClCompile>
    <ClCompile Include="src\deps\raylib\raudio.c">
      <Filter>Source Files</Filter>
    </ClCompile>
    <ClCompile Include="src\deps\raylib\rglfw.c">
      <Filter>Source Files</Filter>
    </ClCompile>
    <ClCompile Include="src\deps\raylib\shapes.c">
      <Filter>Source Files</Filter>
    </ClCompile>
    <ClCompile Include="src\deps\raylib\text.c">
      <Filter>Source Files</Filter>
    </ClCompile>
    <ClCompile Include="src\deps\raylib\textures.c">
      <Filter>Source Files</Filter>
    </ClCompile>
    <ClCompile Include="src\deps\raylib\utils.c">
      <Filter>Source Files</Filter>
    </ClCompile>
    <ClCompile Include="src\deps\imgui\imgui_impl_glfw.cpp">
      <Filter>Source Files</Filter>
    </ClCompile>
    <ClCompile Include="src\deps\imgui\imgui_impl_opengl3.cpp">
      <Filter>Source Files</Filter>
    </ClCompile>
    <ClCompile Include="src\deps\imgui\imgui.cpp">
      <Filter>Source Files</Filter>
    </ClCompile>
    <ClCompile Include="src\deps\imgui\imgui_draw.cpp">
      <Filter>Source Files</Filter>
    </ClCompile>
    <ClCompile Include="src\deps\imgui\imgui_widgets.cpp">
      <Filter>Source Files</Filter>
    </ClCompile>
    <ClCompile Include="src\ui\dev\main_gui.cpp">
      <Filter>Source Files</Filter>
    </ClCompile>
    <ClCompile Include="src\entity.cpp">
      <Filter>Source Files</Filter>
    </ClCompile>
    <ClCompile Include="src\actions.cpp">
      <Filter>Source Files</Filter>
    </ClCompile>
    <ClCompile Include="src\model.cpp">
      <Filter>Source Files</Filter>
    </ClCompile>
  </ItemGroup>
</Project>